
Microsoft Visual Studio Solution File, Format Version 12.00
# Visual Studio 2015
Project("{FAE04EC0-301F-11D3-BF4B-00C04F79EFBC}") = "Duel", "Duel.csproj", "{64004462-796D-F53D-64A4-FC54783DE002}"
EndProject
Project("{FAE04EC0-301F-11D3-BF4B-00C04F79EFBC}") = "Duel.Editor", "Duel.Editor.csproj", "{4A97BB86-03D6-90BE-4AA5-99725443D1BC}"
EndProject
Global
	GlobalSection(SolutionConfigurationPlatforms) = preSolution
		Debug|Any CPU = Debug|Any CPU
		Release|Any CPU = Release|Any CPU
	EndGlobalSection
	GlobalSection(ProjectConfigurationPlatforms) = postSolution
		{64004462-796D-F53D-64A4-FC54783DE002}.Debug|Any CPU.ActiveCfg = Debug|Any CPU
		{64004462-796D-F53D-64A4-FC54783DE002}.Debug|Any CPU.Build.0 = Debug|Any CPU
		{64004462-796D-F53D-64A4-FC54783DE002}.Release|Any CPU.ActiveCfg = Release|Any CPU
		{64004462-796D-F53D-64A4-FC54783DE002}.Release|Any CPU.Build.0 = Release|Any CPU
		{4A97BB86-03D6-90BE-4AA5-99725443D1BC}.Debug|Any CPU.ActiveCfg = Debug|Any CPU
		{4A97BB86-03D6-90BE-4AA5-99725443D1BC}.Debug|Any CPU.Build.0 = Debug|Any CPU
		{4A97BB86-03D6-90BE-4AA5-99725443D1BC}.Release|Any CPU.ActiveCfg = Release|Any CPU
		{4A97BB86-03D6-90BE-4AA5-99725443D1BC}.Release|Any CPU.Build.0 = Release|Any CPU
	EndGlobalSection
	GlobalSection(SolutionProperties) = preSolution
		HideSolutionNode = FALSE
	EndGlobalSection
EndGlobal
